<?xml version="1.0" encoding="utf-8"?>
<Project ToolsVersion="4.0" xmlns="http://schemas.microsoft.com/developer/msbuild/2003">
  <ItemGroup>
    <Filter Include="Source Files">
      <UniqueIdentifier>{4FC737F1-C7A5-4376-A066-2A32D752A2FF}</UniqueIdentifier>
      <Extensions>cpp;c;cc;cxx;c++;cppm;ixx;def;odl;idl;hpj;bat;asm;asmx</Extensions>
    </Filter>
    <Filter Include="Header Files">
      <UniqueIdentifier>{93995380-89BD-4b04-88EB-625FBE52EBFB}</UniqueIdentifier>
      <Extensions>h;hh;hpp;hxx;h++;hm;inl;inc;ipp;xsd</Extensions>
    </Filter>
    <Filter Include="Resource Files">
      <UniqueIdentifier>{67DA6AB6-F800-4c08-8B7A-83BB121AAD01}</UniqueIdentifier>
      <Extensions>rc;ico;cur;bmp;dlg;rc2;rct;bin;rgs;gif;jpg;jpeg;jpe;resx;tiff;tif;png;wav;mfcribbon-ms</Extensions>
    </Filter>
    <Filter Include="Header Files\classes">
      <UniqueIdentifier>{459ff526-adf6-42ff-a020-806a05fb54f1}</UniqueIdentifier>
    </Filter>
    <Filter Include="Header Files\namespaces">
      <UniqueIdentifier>{b79e7fe5-72e1-4280-89c1-5ebde958948a}</UniqueIdentifier>
    </Filter>
    <Filter Include="Header Files\types">
      <UniqueIdentifier>{be1afe1f-dd4a-4c22-a343-22e4684d4c2f}</UniqueIdentifier>
    </Filter>
    <Filter Include="Source Files\classes">
      <UniqueIdentifier>{1410e274-ca8f-401e-91f0-a01c16742fa7}</UniqueIdentifier>
    </Filter>
    <Filter Include="Source Files\namespaces">
      <UniqueIdentifier>{a2be1ccd-3d55-458a-99bf-9d9b7426e109}</UniqueIdentifier>
    </Filter>
  </ItemGroup>
  <ItemGroup>
    <ClCompile Include="ANTfs.cpp">
      <Filter>Source Files</Filter>
    </ClCompile>
    <ClCompile Include="antiforensics.cpp">
      <Filter>Source Files\classes</Filter>
    </ClCompile>
    <ClCompile Include="privileges.cpp">
      <Filter>Source Files\namespaces</Filter>
    </ClCompile>
  </ItemGroup>
  <ItemGroup>
    <ClInclude Include="antiforensics.h">
      <Filter>Header Files\classes</Filter>
    </ClInclude>
    <ClInclude Include="privileges.h">
      <Filter>Header Files\namespaces</Filter>
    </ClInclude>
    <ClInclude Include="typesndefs.h">
      <Filter>Header Files\types</Filter>
    </ClInclude>
  </ItemGroup>
</Project>